# THIS IS AN AUTOGENERATED FILE. DO NOT EDIT THIS FILE DIRECTLY.
# yarn lockfile v1


"@react-keycloak/core@^3.2.0":
  version "3.2.0"
  resolved "https://registry.yarnpkg.com/@react-keycloak/core/-/core-3.2.0.tgz#e46f1951b0d7873f7f2fcd73dd0c270cb0b18db8"
  integrity sha512-1yzU7gQzs+6E1v6hGqxy0Q+kpMHg9sEcke2yxZR29WoU8KNE8E50xS6UbI8N7rWsgyYw8r9W1cUPCOF48MYjzw==
  dependencies:
    react-fast-compare "^3.2.0"

"@react-keycloak/keycloak-ts@^0.2.1":
  version "0.2.1"
  resolved "https://registry.yarnpkg.com/@react-keycloak/keycloak-ts/-/keycloak-ts-0.2.1.tgz#ae8ef66829604c8c9c0320642b29fcb1d53dc690"
  integrity sha512-rP4GGfTGdnuIlqg/9NZ1Gua39NQfTqPa0iOmZROoE0Dq3xh/c3rfGBjuiOWI/4Xqraa3verVddiqR2owS2t/aA==
  dependencies:
    base64-js "^1.3.1"
    js-sha256 "^0.9.0"
    jwt-decode "^2.2.0"

"@react-keycloak/native@^0.5.2":
  version "0.5.2"
  resolved "https://registry.yarnpkg.com/@react-keycloak/native/-/native-0.5.2.tgz#248094e4d3c21f4005386ef482cad3a62ceb5f18"
  integrity sha512-0VWPUPH3xzM7R5HQ/y6moJzfC6A7nO89oZPz6Ep8LRKQUFc796PmBa4WzD3hOalTGBFJ1xQDYDVL0MSbX2rm8w==
  dependencies:
    "@react-keycloak/core" "^3.2.0"
    "@react-keycloak/keycloak-ts" "^0.2.1"
    react-native-inappbrowser-reborn "^3.5.1"

base64-js@^1.3.1:
  version "1.5.1"
  resolved "https://registry.yarnpkg.com/base64-js/-/base64-js-1.5.1.tgz#1b1b440160a5bf7ad40b650f095963481903930a"
  integrity sha512-AKpaYlHn8t4SVbOHCy+b5+KKgvR4vrsD8vbvrbiQJps7fKDTkjkDry6ji0rUJjC0kzbNePLwzxq8iypo41qeWA==

invariant@^2.2.4:
  version "2.2.4"
  resolved "https://registry.yarnpkg.com/invariant/-/invariant-2.2.4.tgz#610f3c92c9359ce1db616e538008d23ff35158e6"
  integrity sha512-phJfQVBuaJM5raOpJjSfkiD6BpbCE4Ns//LaXl6wGYtUBY83nWS6Rf9tXm2e8VaK60JEjYldbPif/A2B1C2gNA==
  dependencies:
    loose-envify "^1.0.0"

js-sha256@^0.9.0:
  version "0.9.0"
  resolved "https://registry.yarnpkg.com/js-sha256/-/js-sha256-0.9.0.tgz#0b89ac166583e91ef9123644bd3c5334ce9d0966"
  integrity sha512-sga3MHh9sgQN2+pJ9VYZ+1LPwXOxuBJBA5nrR5/ofPfuiJBE2hnjsaN8se8JznOmGLN2p49Pe5U/ttafcs/apA==

"js-tokens@^3.0.0 || ^4.0.0":
  version "4.0.0"
  resolved "https://registry.yarnpkg.com/js-tokens/-/js-tokens-4.0.0.tgz#19203fb59991df98e3a287050d4647cdeaf32499"
  integrity sha512-RdJUflcE3cUzKiMqQgsCu06FPu9UdIJO0beYbPhHN4k6apgJtifcoCtT9bcxOpYBtpD2kCM6Sbzg4CausW/PKQ==

jwt-decode@^2.2.0:
  version "2.2.0"
  resolved "https://registry.yarnpkg.com/jwt-decode/-/jwt-decode-2.2.0.tgz#7d86bd56679f58ce6a84704a657dd392bba81a79"
  integrity sha1-fYa9VmefWM5qhHBKZX3TkruoGnk=

loose-envify@^1.0.0:
  version "1.4.0"
  resolved "https://registry.yarnpkg.com/loose-envify/-/loose-envify-1.4.0.tgz#71ee51fa7be4caec1a63839f7e682d8132d30caf"
  integrity sha512-lyuxPGr/Wfhrlem2CL/UcnUc1zcqKAImBDzukY7Y5F/yQiNdko6+fRLevlw1HgMySw7f611UIY408EtxRSoK3Q==
  dependencies:
    js-tokens "^3.0.0 || ^4.0.0"

opencollective-postinstall@^2.0.2:
  version "2.0.3"
  resolved "https://registry.yarnpkg.com/opencollective-postinstall/-/opencollective-postinstall-2.0.3.tgz#7a0fff978f6dbfa4d006238fbac98ed4198c3259"
  integrity sha512-8AV/sCtuzUeTo8gQK5qDZzARrulB3egtLzFgteqB2tcT4Mw7B8Kt7JcDHmltjz6FOAHsvTevk70gZEbhM4ZS9Q==

react-fast-compare@^3.2.0:
  version "3.2.0"
  resolved "https://registry.yarnpkg.com/react-fast-compare/-/react-fast-compare-3.2.0.tgz#641a9da81b6a6320f270e89724fb45a0b39e43bb"
  integrity sha512-rtGImPZ0YyLrscKI9xTpV8psd6I8VAtjKCzQDlzyDvqJA8XOW78TXYQwNRNd8g8JZnDu8q9Fu/1v4HPAVwVdHA==

react-native-inappbrowser-reborn@^3.5.1:
  version "3.5.1"
  resolved "https://registry.yarnpkg.com/react-native-inappbrowser-reborn/-/react-native-inappbrowser-reborn-3.5.1.tgz#a17e6548ac7864f074f5df6171781601d179d638"
  integrity sha512-pEM9DSvW3LYoI7x1sfr4GtTA1/BSzSoQvHeNRtbJwOpujgRBqnEQrapBwC/24l2pIRhKDWmXGfqc12478IXY3Q==
  dependencies:
    invariant "^2.2.4"
    opencollective-postinstall "^2.0.2"
